
Microsoft Visual Studio Solution File, Format Version 12.00
# Visual Studio Version 16
VisualStudioVersion = 16.0.31613.86
MinimumVisualStudioVersion = 10.0.40219.1
Project("{2150E333-8FDC-42A3-9474-1A3956D46DE8}") = "Services", "Services", "{471AFA57-36A4-49A3-B843-7BD4EE2734B3}"
EndProject
Project("{2150E333-8FDC-42A3-9474-1A3956D46DE8}") = "Catalog", "Catalog", "{2E0CCD19-7ADC-4392-9B57-13B9C140A1B9}"
EndProject
Project("{9A19103F-16F7-4668-BE54-9A1E7A4F7556}") = "Catalog.API", "Services\Catalog\Catalog.API\Catalog.API.csproj", "{68D014F5-DC4F-486F-9D9F-06FFE6BC11CF}"
EndProject
Project("{E53339B2-1760-4266-BCC7-CA923CBCF16C}") = "docker-compose", "docker-compose.dcproj", "{E5035F95-D3F9-4581-B144-896A9097FC61}"
EndProject
Project("{2150E333-8FDC-42A3-9474-1A3956D46DE8}") = "Basket", "Basket", "{5E81C874-61B3-469D-8F18-C2F3DD71132C}"
EndProject
Project("{9A19103F-16F7-4668-BE54-9A1E7A4F7556}") = "Basket.API", "Services\Basket\Basket.API\Basket.API.csproj", "{A87A07CC-BF9F-4216-8A53-E8FEF9FEA6CB}"
EndProject
Project("{2150E333-8FDC-42A3-9474-1A3956D46DE8}") = "Discount", "Discount", "{B406DC1E-9160-4383-BC20-3BB6CBCFC07D}"
EndProject
Project("{9A19103F-16F7-4668-BE54-9A1E7A4F7556}") = "Discount.API", "Services\Discount\Discount.API\Discount.API.csproj", "{76A87A72-9916-49D4-A183-C8FBC36A5385}"
EndProject
Project("{9A19103F-16F7-4668-BE54-9A1E7A4F7556}") = "Discount.Grpc", "Services\Discount\Discount.Grpc\Discount.Grpc.csproj", "{3D8BA25B-50D0-4CED-B886-3E6BCC3AB888}"
EndProject
Project("{2150E333-8FDC-42A3-9474-1A3956D46DE8}") = "Ordering", "Ordering", "{726D2F8A-AAFA-47C6-88C7-E8526CB18D15}"
EndProject
Project("{9A19103F-16F7-4668-BE54-9A1E7A4F7556}") = "Ordering.API", "Services\Ordering\Ordering.API\Ordering.API.csproj", "{250A7F08-81B2-4BB8-9071-499FCF5902CB}"
EndProject
Project("{9A19103F-16F7-4668-BE54-9A1E7A4F7556}") = "Ordering.Application", "Services\Ordering\Ordering.Application\Ordering.Application.csproj", "{91C05350-7298-4197-8D4B-C1E73F3D593B}"
EndProject
Project("{9A19103F-16F7-4668-BE54-9A1E7A4F7556}") = "Ordering.Domain", "Services\Ordering\Ordering.Domain\Ordering.Domain.csproj", "{768CECD7-CF5A-4211-B87F-7F1E9BA2F993}"
EndProject
Project("{9A19103F-16F7-4668-BE54-9A1E7A4F7556}") = "Ordering.Infrastructure", "Services\Ordering\Ordering.Infrastructure\Ordering.Infrastructure.csproj", "{7B6EC903-6057-4D4C-A933-014D30F912B7}"
EndProject
Project("{2150E333-8FDC-42A3-9474-1A3956D46DE8}") = "RabbitMQ", "RabbitMQ", "{1AB9F5A5-A888-41E3-980A-BB41E58621A2}"
EndProject
Project("{9A19103F-16F7-4668-BE54-9A1E7A4F7556}") = "EventBus.Messages", "RabbitMQ\EventBus.Messages\EventBus.Messages.csproj", "{886C3372-3888-48E6-BA0D-B1D5CBB37089}"
EndProject
Project("{2150E333-8FDC-42A3-9474-1A3956D46DE8}") = "ApiGateways", "ApiGateways", "{6BD63E3F-9375-44A8-8EF4-D881F3315AAB}"
EndProject
Project("{9A19103F-16F7-4668-BE54-9A1E7A4F7556}") = "OcelotApiGw", "ApiGateways\OcelotApiGw\OcelotApiGw.csproj", "{63DD9135-07BE-4AE9-BDD8-D5192EA8D440}"
EndProject
Project("{FAE04EC0-301F-11D3-BF4B-00C04F79EFBC}") = "Shopping.Aggregator", "ApiGateways\Shopping.Aggregator\Shopping.Aggregator.csproj", "{3369F916-D5EA-4CB9-8A4D-DEA0F09BC112}"
EndProject
Global
	GlobalSection(SolutionConfigurationPlatforms) = preSolution
		Debug|Any CPU = Debug|Any CPU
		Release|Any CPU = Release|Any CPU
	EndGlobalSection
	GlobalSection(ProjectConfigurationPlatforms) = postSolution
		{68D014F5-DC4F-486F-9D9F-06FFE6BC11CF}.Debug|Any CPU.ActiveCfg = Debug|Any CPU
		{68D014F5-DC4F-486F-9D9F-06FFE6BC11CF}.Debug|Any CPU.Build.0 = Debug|Any CPU
		{68D014F5-DC4F-486F-9D9F-06FFE6BC11CF}.Release|Any CPU.ActiveCfg = Release|Any CPU
		{68D014F5-DC4F-486F-9D9F-06FFE6BC11CF}.Release|Any CPU.Build.0 = Release|Any CPU
		{E5035F95-D3F9-4581-B144-896A9097FC61}.Debug|Any CPU.ActiveCfg = Debug|Any CPU
		{E5035F95-D3F9-4581-B144-896A9097FC61}.Debug|Any CPU.Build.0 = Debug|Any CPU
		{E5035F95-D3F9-4581-B144-896A9097FC61}.Release|Any CPU.ActiveCfg = Release|Any CPU
		{E5035F95-D3F9-4581-B144-896A9097FC61}.Release|Any CPU.Build.0 = Release|Any CPU
		{A87A07CC-BF9F-4216-8A53-E8FEF9FEA6CB}.Debug|Any CPU.ActiveCfg = Debug|Any CPU
		{A87A07CC-BF9F-4216-8A53-E8FEF9FEA6CB}.Debug|Any CPU.Build.0 = Debug|Any CPU
		{A87A07CC-BF9F-4216-8A53-E8FEF9FEA6CB}.Release|Any CPU.ActiveCfg = Release|Any CPU
		{A87A07CC-BF9F-4216-8A53-E8FEF9FEA6CB}.Release|Any CPU.Build.0 = Release|Any CPU
		{76A87A72-9916-49D4-A183-C8FBC36A5385}.Debug|Any CPU.ActiveCfg = Debug|Any CPU
		{76A87A72-9916-49D4-A183-C8FBC36A5385}.Debug|Any CPU.Build.0 = Debug|Any CPU
		{76A87A72-9916-49D4-A183-C8FBC36A5385}.Release|Any CPU.ActiveCfg = Release|Any CPU
		{76A87A72-9916-49D4-A183-C8FBC36A5385}.Release|Any CPU.Build.0 = Release|Any CPU
		{3D8BA25B-50D0-4CED-B886-3E6BCC3AB888}.Debug|Any CPU.ActiveCfg = Debug|Any CPU
		{3D8BA25B-50D0-4CED-B886-3E6BCC3AB888}.Debug|Any CPU.Build.0 = Debug|Any CPU
		{3D8BA25B-50D0-4CED-B886-3E6BCC3AB888}.Release|Any CPU.ActiveCfg = Release|Any CPU
		{3D8BA25B-50D0-4CED-B886-3E6BCC3AB888}.Release|Any CPU.Build.0 = Release|Any CPU
		{250A7F08-81B2-4BB8-9071-499FCF5902CB}.Debug|Any CPU.ActiveCfg = Debug|Any CPU
		{250A7F08-81B2-4BB8-9071-499FCF5902CB}.Debug|Any CPU.Build.0 = Debug|Any CPU
		{250A7F08-81B2-4BB8-9071-499FCF5902CB}.Release|Any CPU.ActiveCfg = Release|Any CPU
		{250A7F08-81B2-4BB8-9071-499FCF5902CB}.Release|Any CPU.Build.0 = Release|Any CPU
		{91C05350-7298-4197-8D4B-C1E73F3D593B}.Debug|Any CPU.ActiveCfg = Debug|Any CPU
		{91C05350-7298-4197-8D4B-C1E73F3D593B}.Debug|Any CPU.Build.0 = Debug|Any CPU
		{91C05350-7298-4197-8D4B-C1E73F3D593B}.Release|Any CPU.ActiveCfg = Release|Any CPU
		{91C05350-7298-4197-8D4B-C1E73F3D593B}.Release|Any CPU.Build.0 = Release|Any CPU
		{768CECD7-CF5A-4211-B87F-7F1E9BA2F993}.Debug|Any CPU.ActiveCfg = Debug|Any CPU
		{768CECD7-CF5A-4211-B87F-7F1E9BA2F993}.Debug|Any CPU.Build.0 = Debug|Any CPU
		{768CECD7-CF5A-4211-B87F-7F1E9BA2F993}.Release|Any CPU.ActiveCfg = Release|Any CPU
		{768CECD7-CF5A-4211-B87F-7F1E9BA2F993}.Release|Any CPU.Build.0 = Release|Any CPU
		{7B6EC903-6057-4D4C-A933-014D30F912B7}.Debug|Any CPU.ActiveCfg = Debug|Any CPU
		{7B6EC903-6057-4D4C-A933-014D30F912B7}.Debug|Any CPU.Build.0 = Debug|Any CPU
		{7B6EC903-6057-4D4C-A933-014D30F912B7}.Release|Any CPU.ActiveCfg = Release|Any CPU
		{7B6EC903-6057-4D4C-A933-014D30F912B7}.Release|Any CPU.Build.0 = Release|Any CPU
		{886C3372-3888-48E6-BA0D-B1D5CBB37089}.Debug|Any CPU.ActiveCfg = Debug|Any CPU
		{886C3372-3888-48E6-BA0D-B1D5CBB37089}.Debug|Any CPU.Build.0 = Debug|Any CPU
		{886C3372-3888-48E6-BA0D-B1D5CBB37089}.Release|Any CPU.ActiveCfg = Release|Any CPU
		{886C3372-3888-48E6-BA0D-B1D5CBB37089}.Release|Any CPU.Build.0 = Release|Any CPU
		{63DD9135-07BE-4AE9-BDD8-D5192EA8D440}.Debug|Any CPU.ActiveCfg = Debug|Any CPU
		{63DD9135-07BE-4AE9-BDD8-D5192EA8D440}.Debug|Any CPU.Build.0 = Debug|Any CPU
		{63DD9135-07BE-4AE9-BDD8-D5192EA8D440}.Release|Any CPU.ActiveCfg = Release|Any CPU
		{63DD9135-07BE-4AE9-BDD8-D5192EA8D440}.Release|Any CPU.Build.0 = Release|Any CPU
		{3369F916-D5EA-4CB9-8A4D-DEA0F09BC112}.Debug|Any CPU.ActiveCfg = Debug|Any CPU
		{3369F916-D5EA-4CB9-8A4D-DEA0F09BC112}.Debug|Any CPU.Build.0 = Debug|Any CPU
		{3369F916-D5EA-4CB9-8A4D-DEA0F09BC112}.Release|Any CPU.ActiveCfg = Release|Any CPU
		{3369F916-D5EA-4CB9-8A4D-DEA0F09BC112}.Release|Any CPU.Build.0 = Release|Any CPU
	EndGlobalSection
	GlobalSection(SolutionProperties) = preSolution
		HideSolutionNode = FALSE
	EndGlobalSection
	GlobalSection(NestedProjects) = preSolution
		{2E0CCD19-7ADC-4392-9B57-13B9C140A1B9} = {471AFA57-36A4-49A3-B843-7BD4EE2734B3}
		{68D014F5-DC4F-486F-9D9F-06FFE6BC11CF} = {2E0CCD19-7ADC-4392-9B57-13B9C140A1B9}
		{5E81C874-61B3-469D-8F18-C2F3DD71132C} = {471AFA57-36A4-49A3-B843-7BD4EE2734B3}
		{A87A07CC-BF9F-4216-8A53-E8FEF9FEA6CB} = {5E81C874-61B3-469D-8F18-C2F3DD71132C}
		{B406DC1E-9160-4383-BC20-3BB6CBCFC07D} = {471AFA57-36A4-49A3-B843-7BD4EE2734B3}
		{76A87A72-9916-49D4-A183-C8FBC36A5385} = {B406DC1E-9160-4383-BC20-3BB6CBCFC07D}
		{3D8BA25B-50D0-4CED-B886-3E6BCC3AB888} = {B406DC1E-9160-4383-BC20-3BB6CBCFC07D}
		{726D2F8A-AAFA-47C6-88C7-E8526CB18D15} = {471AFA57-36A4-49A3-B843-7BD4EE2734B3}
		{250A7F08-81B2-4BB8-9071-499FCF5902CB} = {726D2F8A-AAFA-47C6-88C7-E8526CB18D15}
		{91C05350-7298-4197-8D4B-C1E73F3D593B} = {726D2F8A-AAFA-47C6-88C7-E8526CB18D15}
		{768CECD7-CF5A-4211-B87F-7F1E9BA2F993} = {726D2F8A-AAFA-47C6-88C7-E8526CB18D15}
		{7B6EC903-6057-4D4C-A933-014D30F912B7} = {726D2F8A-AAFA-47C6-88C7-E8526CB18D15}
		{886C3372-3888-48E6-BA0D-B1D5CBB37089} = {1AB9F5A5-A888-41E3-980A-BB41E58621A2}
		{63DD9135-07BE-4AE9-BDD8-D5192EA8D440} = {6BD63E3F-9375-44A8-8EF4-D881F3315AAB}
		{3369F916-D5EA-4CB9-8A4D-DEA0F09BC112} = {6BD63E3F-9375-44A8-8EF4-D881F3315AAB}
	EndGlobalSection
	GlobalSection(ExtensibilityGlobals) = postSolution
		SolutionGuid = {0CC01519-78D9-4893-8DCF-1E367B09B21F}
	EndGlobalSection
EndGlobal
