
Microsoft Visual Studio Solution File, Format Version 12.00
# Visual Studio Version 16
VisualStudioVersion = 16.0.31613.86
MinimumVisualStudioVersion = 10.0.40219.1
Project("{2150E333-8FDC-42A3-9474-1A3956D46DE8}") = "Services", "Services", "{471AFA57-36A4-49A3-B843-7BD4EE2734B3}"
EndProject
Project("{2150E333-8FDC-42A3-9474-1A3956D46DE8}") = "Catalog", "Catalog", "{2E0CCD19-7ADC-4392-9B57-13B9C140A1B9}"
EndProject
Project("{9A19103F-16F7-4668-BE54-9A1E7A4F7556}") = "Catalog.API", "Services\Catalog\Catalog.API\Catalog.API.csproj", "{68D014F5-DC4F-486F-9D9F-06FFE6BC11CF}"
EndProject
Project("{E53339B2-1760-4266-BCC7-CA923CBCF16C}") = "docker-compose", "docker-compose.dcproj", "{E5035F95-D3F9-4581-B144-896A9097FC61}"
EndProject
Project("{2150E333-8FDC-42A3-9474-1A3956D46DE8}") = "Basket", "Basket", "{5E81C874-61B3-469D-8F18-C2F3DD71132C}"
EndProject
Project("{9A19103F-16F7-4668-BE54-9A1E7A4F7556}") = "Basket.API", "Services\Basket\Basket.API\Basket.API.csproj", "{A87A07CC-BF9F-4216-8A53-E8FEF9FEA6CB}"
EndProject
Project("{2150E333-8FDC-42A3-9474-1A3956D46DE8}") = "Discount", "Discount", "{B406DC1E-9160-4383-BC20-3BB6CBCFC07D}"
EndProject
Project("{FAE04EC0-301F-11D3-BF4B-00C04F79EFBC}") = "Discount.API", "Services\Discount\Discount.API\Discount.API.csproj", "{76A87A72-9916-49D4-A183-C8FBC36A5385}"
EndProject
Global
	GlobalSection(SolutionConfigurationPlatforms) = preSolution
		Debug|Any CPU = Debug|Any CPU
		Release|Any CPU = Release|Any CPU
	EndGlobalSection
	GlobalSection(ProjectConfigurationPlatforms) = postSolution
		{68D014F5-DC4F-486F-9D9F-06FFE6BC11CF}.Debug|Any CPU.ActiveCfg = Debug|Any CPU
		{68D014F5-DC4F-486F-9D9F-06FFE6BC11CF}.Debug|Any CPU.Build.0 = Debug|Any CPU
		{68D014F5-DC4F-486F-9D9F-06FFE6BC11CF}.Release|Any CPU.ActiveCfg = Release|Any CPU
		{68D014F5-DC4F-486F-9D9F-06FFE6BC11CF}.Release|Any CPU.Build.0 = Release|Any CPU
		{E5035F95-D3F9-4581-B144-896A9097FC61}.Debug|Any CPU.ActiveCfg = Debug|Any CPU
		{E5035F95-D3F9-4581-B144-896A9097FC61}.Debug|Any CPU.Build.0 = Debug|Any CPU
		{E5035F95-D3F9-4581-B144-896A9097FC61}.Release|Any CPU.ActiveCfg = Release|Any CPU
		{E5035F95-D3F9-4581-B144-896A9097FC61}.Release|Any CPU.Build.0 = Release|Any CPU
		{A87A07CC-BF9F-4216-8A53-E8FEF9FEA6CB}.Debug|Any CPU.ActiveCfg = Debug|Any CPU
		{A87A07CC-BF9F-4216-8A53-E8FEF9FEA6CB}.Debug|Any CPU.Build.0 = Debug|Any CPU
		{A87A07CC-BF9F-4216-8A53-E8FEF9FEA6CB}.Release|Any CPU.ActiveCfg = Release|Any CPU
		{A87A07CC-BF9F-4216-8A53-E8FEF9FEA6CB}.Release|Any CPU.Build.0 = Release|Any CPU
		{76A87A72-9916-49D4-A183-C8FBC36A5385}.Debug|Any CPU.ActiveCfg = Debug|Any CPU
		{76A87A72-9916-49D4-A183-C8FBC36A5385}.Debug|Any CPU.Build.0 = Debug|Any CPU
		{76A87A72-9916-49D4-A183-C8FBC36A5385}.Release|Any CPU.ActiveCfg = Release|Any CPU
		{76A87A72-9916-49D4-A183-C8FBC36A5385}.Release|Any CPU.Build.0 = Release|Any CPU
	EndGlobalSection
	GlobalSection(SolutionProperties) = preSolution
		HideSolutionNode = FALSE
	EndGlobalSection
	GlobalSection(NestedProjects) = preSolution
		{2E0CCD19-7ADC-4392-9B57-13B9C140A1B9} = {471AFA57-36A4-49A3-B843-7BD4EE2734B3}
		{68D014F5-DC4F-486F-9D9F-06FFE6BC11CF} = {2E0CCD19-7ADC-4392-9B57-13B9C140A1B9}
		{5E81C874-61B3-469D-8F18-C2F3DD71132C} = {471AFA57-36A4-49A3-B843-7BD4EE2734B3}
		{A87A07CC-BF9F-4216-8A53-E8FEF9FEA6CB} = {5E81C874-61B3-469D-8F18-C2F3DD71132C}
		{B406DC1E-9160-4383-BC20-3BB6CBCFC07D} = {471AFA57-36A4-49A3-B843-7BD4EE2734B3}
		{76A87A72-9916-49D4-A183-C8FBC36A5385} = {B406DC1E-9160-4383-BC20-3BB6CBCFC07D}
	EndGlobalSection
	GlobalSection(ExtensibilityGlobals) = postSolution
		SolutionGuid = {0CC01519-78D9-4893-8DCF-1E367B09B21F}
	EndGlobalSection
EndGlobal
